// !$*UTF8*$!
{
	archiveVersion = 1;
	classes = {
	};
	objectVersion = 46;
	objects = {

/* Begin PBXBuildFile section */
		C09A63BD1AE92F6500B07062 /* AppDelegate.swift in Sources */ = {isa = PBXBuildFile; fileRef = C09A63BC1AE92F6500B07062 /* AppDelegate.swift */; };
		C09A63C11AE92F6500B07062 /* GameScene.swift in Sources */ = {isa = PBXBuildFile; fileRef = C09A63C01AE92F6500B07062 /* GameScene.swift */; };
		C09A63C31AE92F6500B07062 /* GameViewController.swift in Sources */ = {isa = PBXBuildFile; fileRef = C09A63C21AE92F6500B07062 /* GameViewController.swift */; };
		C09A63C61AE92F6500B07062 /* Main.storyboard in Resources */ = {isa = PBXBuildFile; fileRef = C09A63C41AE92F6500B07062 /* Main.storyboard */; };
		C09A63C81AE92F6500B07062 /* Images.xcassets in Resources */ = {isa = PBXBuildFile; fileRef = C09A63C71AE92F6500B07062 /* Images.xcassets */; };
		C09A63CB1AE92F6500B07062 /* LaunchScreen.xib in Resources */ = {isa = PBXBuildFile; fileRef = C09A63C91AE92F6500B07062 /* LaunchScreen.xib */; };
		C09A63D71AE92F6500B07062 /* jotajotaTests.swift in Sources */ = {isa = PBXBuildFile; fileRef = C09A63D61AE92F6500B07062 /* jotajotaTests.swift */; };
		C09A63E21AE930C900B07062 /* Ball.swift in Sources */ = {isa = PBXBuildFile; fileRef = C09A63E11AE930C900B07062 /* Ball.swift */; };
		C09A63E41AE930DD00B07062 /* Bar.swift in Sources */ = {isa = PBXBuildFile; fileRef = C09A63E31AE930DD00B07062 /* Bar.swift */; };
		C09A63E61AE930F800B07062 /* Spike.swift in Sources */ = {isa = PBXBuildFile; fileRef = C09A63E51AE930F800B07062 /* Spike.swift */; };
		C09A63E91AE9328700B07062 /* ball.png in Resources */ = {isa = PBXBuildFile; fileRef = C09A63E81AE9328700B07062 /* ball.png */; };
		C09A63EB1AE938DB00B07062 /* Goal.swift in Sources */ = {isa = PBXBuildFile; fileRef = C09A63EA1AE938DB00B07062 /* Goal.swift */; };
		C09A63ED1AE93A0200B07062 /* goal.png in Resources */ = {isa = PBXBuildFile; fileRef = C09A63EC1AE93A0200B07062 /* goal.png */; };
		C09A63EF1AE93CEB00B07062 /* Common.swift in Sources */ = {isa = PBXBuildFile; fileRef = C09A63EE1AE93CEB00B07062 /* Common.swift */; };
/* End PBXBuildFile section */

/* Begin PBXContainerItemProxy section */
		C09A63D11AE92F6500B07062 /* PBXContainerItemProxy */ = {
			isa = PBXContainerItemProxy;
			containerPortal = C09A63AF1AE92F6500B07062 /* Project object */;
			proxyType = 1;
			remoteGlobalIDString = C09A63B61AE92F6500B07062;
			remoteInfo = jotajota;
		};
/* End PBXContainerItemProxy section */

/* Begin PBXFileReference section */
		C09A63B71AE92F6500B07062 /* jotajota.app */ = {isa = PBXFileReference; explicitFileType = wrapper.application; includeInIndex = 0; path = jotajota.app; sourceTree = BUILT_PRODUCTS_DIR; };
		C09A63BB1AE92F6500B07062 /* Info.plist */ = {isa = PBXFileReference; lastKnownFileType = text.plist.xml; path = Info.plist; sourceTree = "<group>"; };
		C09A63BC1AE92F6500B07062 /* AppDelegate.swift */ = {isa = PBXFileReference; lastKnownFileType = sourcecode.swift; path = AppDelegate.swift; sourceTree = "<group>"; };
		C09A63C01AE92F6500B07062 /* GameScene.swift */ = {isa = PBXFileReference; lastKnownFileType = sourcecode.swift; path = GameScene.swift; sourceTree = "<group>"; };
		C09A63C21AE92F6500B07062 /* GameViewController.swift */ = {isa = PBXFileReference; lastKnownFileType = sourcecode.swift; path = GameViewController.swift; sourceTree = "<group>"; };
		C09A63C51AE92F6500B07062 /* Base */ = {isa = PBXFileReference; lastKnownFileType = file.storyboard; name = Base; path = Base.lproj/Main.storyboard; sourceTree = "<group>"; };
		C09A63C71AE92F6500B07062 /* Images.xcassets */ = {isa = PBXFileReference; lastKnownFileType = folder.assetcatalog; path = Images.xcassets; sourceTree = "<group>"; };
		C09A63CA1AE92F6500B07062 /* Base */ = {isa = PBXFileReference; lastKnownFileType = file.xib; name = Base; path = Base.lproj/LaunchScreen.xib; sourceTree = "<group>"; };
		C09A63D01AE92F6500B07062 /* jotajotaTests.xctest */ = {isa = PBXFileReference; explicitFileType = wrapper.cfbundle; includeInIndex = 0; path = jotajotaTests.xctest; sourceTree = BUILT_PRODUCTS_DIR; };
		C09A63D51AE92F6500B07062 /* Info.plist */ = {isa = PBXFileReference; lastKnownFileType = text.plist.xml; path = Info.plist; sourceTree = "<group>"; };
		C09A63D61AE92F6500B07062 /* jotajotaTests.swift */ = {isa = PBXFileReference; lastKnownFileType = sourcecode.swift; path = jotajotaTests.swift; sourceTree = "<group>"; };
		C09A63E11AE930C900B07062 /* Ball.swift */ = {isa = PBXFileReference; fileEncoding = 4; lastKnownFileType = sourcecode.swift; path = Ball.swift; sourceTree = "<group>"; };
		C09A63E31AE930DD00B07062 /* Bar.swift */ = {isa = PBXFileReference; fileEncoding = 4; lastKnownFileType = sourcecode.swift; path = Bar.swift; sourceTree = "<group>"; };
		C09A63E51AE930F800B07062 /* Spike.swift */ = {isa = PBXFileReference; fileEncoding = 4; lastKnownFileType = sourcecode.swift; path = Spike.swift; sourceTree = "<group>"; };
		C09A63E81AE9328700B07062 /* ball.png */ = {isa = PBXFileReference; lastKnownFileType = image.png; path = ball.png; sourceTree = "<group>"; };
		C09A63EA1AE938DB00B07062 /* Goal.swift */ = {isa = PBXFileReference; fileEncoding = 4; lastKnownFileType = sourcecode.swift; path = Goal.swift; sourceTree = "<group>"; };
		C09A63EC1AE93A0200B07062 /* goal.png */ = {isa = PBXFileReference; lastKnownFileType = image.png; path = goal.png; sourceTree = "<group>"; };
		C09A63EE1AE93CEB00B07062 /* Common.swift */ = {isa = PBXFileReference; fileEncoding = 4; lastKnownFileType = sourcecode.swift; path = Common.swift; sourceTree = "<group>"; };
/* End PBXFileReference section */

/* Begin PBXFrameworksBuildPhase section */
		C09A63B41AE92F6500B07062 /* Frameworks */ = {
			isa = PBXFrameworksBuildPhase;
			buildActionMask = 2147483647;
			files = (
			);
			runOnlyForDeploymentPostprocessing = 0;
		};
		C09A63CD1AE92F6500B07062 /* Frameworks */ = {
			isa = PBXFrameworksBuildPhase;
			buildActionMask = 2147483647;
			files = (
			);
			runOnlyForDeploymentPostprocessing = 0;
		};
/* End PBXFrameworksBuildPhase section */

/* Begin PBXGroup section */
		C09A63AE1AE92F6500B07062 = {
			isa = PBXGroup;
			children = (
				C09A63B91AE92F6500B07062 /* jotajota */,
				C09A63D31AE92F6500B07062 /* jotajotaTests */,
				C09A63B81AE92F6500B07062 /* Products */,
			);
			sourceTree = "<group>";
		};
		C09A63B81AE92F6500B07062 /* Products */ = {
			isa = PBXGroup;
			children = (
				C09A63B71AE92F6500B07062 /* jotajota.app */,
				C09A63D01AE92F6500B07062 /* jotajotaTests.xctest */,
			);
			name = Products;
			sourceTree = "<group>";
		};
		C09A63B91AE92F6500B07062 /* jotajota */ = {
			isa = PBXGroup;
			children = (
				C09A63E71AE9327B00B07062 /* Sprites */,
				C09A63E01AE930B100B07062 /* Objects */,
				C09A63BC1AE92F6500B07062 /* AppDelegate.swift */,
				C09A63C01AE92F6500B07062 /* GameScene.swift */,
				C09A63C21AE92F6500B07062 /* GameViewController.swift */,
				C09A63C41AE92F6500B07062 /* Main.storyboard */,
				C09A63C71AE92F6500B07062 /* Images.xcassets */,
				C09A63C91AE92F6500B07062 /* LaunchScreen.xib */,
				C09A63BA1AE92F6500B07062 /* Supporting Files */,
			);
			path = jotajota;
			sourceTree = "<group>";
		};
		C09A63BA1AE92F6500B07062 /* Supporting Files */ = {
			isa = PBXGroup;
			children = (
				C09A63BB1AE92F6500B07062 /* Info.plist */,
			);
			name = "Supporting Files";
			sourceTree = "<group>";
		};
		C09A63D31AE92F6500B07062 /* jotajotaTests */ = {
			isa = PBXGroup;
			children = (
				C09A63D61AE92F6500B07062 /* jotajotaTests.swift */,
				C09A63D41AE92F6500B07062 /* Supporting Files */,
			);
			path = jotajotaTests;
			sourceTree = "<group>";
		};
		C09A63D41AE92F6500B07062 /* Supporting Files */ = {
			isa = PBXGroup;
			children = (
				C09A63D51AE92F6500B07062 /* Info.plist */,
			);
			name = "Supporting Files";
			sourceTree = "<group>";
		};
		C09A63E01AE930B100B07062 /* Objects */ = {
			isa = PBXGroup;
			children = (
				C09A63E11AE930C900B07062 /* Ball.swift */,
				C09A63E31AE930DD00B07062 /* Bar.swift */,
				C09A63E51AE930F800B07062 /* Spike.swift */,
				C09A63EA1AE938DB00B07062 /* Goal.swift */,
				C09A63EE1AE93CEB00B07062 /* Common.swift */,
			);
			name = Objects;
			sourceTree = "<group>";
		};
		C09A63E71AE9327B00B07062 /* Sprites */ = {
			isa = PBXGroup;
			children = (
				C09A63EC1AE93A0200B07062 /* goal.png */,
				C09A63E81AE9328700B07062 /* ball.png */,
			);
			name = Sprites;
			sourceTree = "<group>";
		};
/* End PBXGroup section */

/* Begin PBXNativeTarget section */
		C09A63B61AE92F6500B07062 /* jotajota */ = {
			isa = PBXNativeTarget;
			buildConfigurationList = C09A63DA1AE92F6500B07062 /* Build configuration list for PBXNativeTarget "jotajota" */;
			buildPhases = (
				C09A63B31AE92F6500B07062 /* Sources */,
				C09A63B41AE92F6500B07062 /* Frameworks */,
				C09A63B51AE92F6500B07062 /* Resources */,
			);
			buildRules = (
			);
			dependencies = (
			);
			name = jotajota;
			productName = jotajota;
			productReference = C09A63B71AE92F6500B07062 /* jotajota.app */;
			productType = "com.apple.product-type.application";
		};
		C09A63CF1AE92F6500B07062 /* jotajotaTests */ = {
			isa = PBXNativeTarget;
			buildConfigurationList = C09A63DD1AE92F6500B07062 /* Build configuration list for PBXNativeTarget "jotajotaTests" */;
			buildPhases = (
				C09A63CC1AE92F6500B07062 /* Sources */,
				C09A63CD1AE92F6500B07062 /* Frameworks */,
				C09A63CE1AE92F6500B07062 /* Resources */,
			);
			buildRules = (
			);
			dependencies = (
				C09A63D21AE92F6500B07062 /* PBXTargetDependency */,
			);
			name = jotajotaTests;
			productName = jotajotaTests;
			productReference = C09A63D01AE92F6500B07062 /* jotajotaTests.xctest */;
			productType = "com.apple.product-type.bundle.unit-test";
		};
/* End PBXNativeTarget section */

/* Begin PBXProject section */
		C09A63AF1AE92F6500B07062 /* Project object */ = {
			isa = PBXProject;
			attributes = {
				LastUpgradeCheck = 0630;
				ORGANIZATIONNAME = XING;
				TargetAttributes = {
					C09A63B61AE92F6500B07062 = {
						CreatedOnToolsVersion = 6.3;
					};
					C09A63CF1AE92F6500B07062 = {
						CreatedOnToolsVersion = 6.3;
						TestTargetID = C09A63B61AE92F6500B07062;
					};
				};
			};
			buildConfigurationList = C09A63B21AE92F6500B07062 /* Build configuration list for PBXProject "jotajota" */;
			compatibilityVersion = "Xcode 3.2";
			developmentRegion = English;
			hasScannedForEncodings = 0;
			knownRegions = (
				en,
				Base,
			);
			mainGroup = C09A63AE1AE92F6500B07062;
			productRefGroup = C09A63B81AE92F6500B07062 /* Products */;
			projectDirPath = "";
			projectRoot = "";
			targets = (
				C09A63B61AE92F6500B07062 /* jotajota */,
				C09A63CF1AE92F6500B07062 /* jotajotaTests */,
			);
		};
/* End PBXProject section */

/* Begin PBXResourcesBuildPhase section */
		C09A63B51AE92F6500B07062 /* Resources */ = {
			isa = PBXResourcesBuildPhase;
			buildActionMask = 2147483647;
			files = (
				C09A63CB1AE92F6500B07062 /* LaunchScreen.xib in Resources */,
				C09A63ED1AE93A0200B07062 /* goal.png in Resources */,
				C09A63C81AE92F6500B07062 /* Images.xcassets in Resources */,
				C09A63E91AE9328700B07062 /* ball.png in Resources */,
				C09A63C61AE92F6500B07062 /* Main.storyboard in Resources */,
			);
			runOnlyForDeploymentPostprocessing = 0;
		};
		C09A63CE1AE92F6500B07062 /* Resources */ = {
			isa = PBXResourcesBuildPhase;
			buildActionMask = 2147483647;
			files = (
			);
			runOnlyForDeploymentPostprocessing = 0;
		};
/* End PBXResourcesBuildPhase section */

/* Begin PBXSourcesBuildPhase section */
		C09A63B31AE92F6500B07062 /* Sources */ = {
			isa = PBXSourcesBuildPhase;
			buildActionMask = 2147483647;
			files = (
				C09A63EF1AE93CEB00B07062 /* Common.swift in Sources */,
				C09A63E41AE930DD00B07062 /* Bar.swift in Sources */,
				C09A63E21AE930C900B07062 /* Ball.swift in Sources */,
				C09A63C11AE92F6500B07062 /* GameScene.swift in Sources */,
				C09A63C31AE92F6500B07062 /* GameViewController.swift in Sources */,
				C09A63E61AE930F800B07062 /* Spike.swift in Sources */,
				C09A63BD1AE92F6500B07062 /* AppDelegate.swift in Sources */,
				C09A63EB1AE938DB00B07062 /* Goal.swift in Sources */,
			);
			runOnlyForDeploymentPostprocessing = 0;
		};
		C09A63CC1AE92F6500B07062 /* Sources */ = {
			isa = PBXSourcesBuildPhase;
			buildActionMask = 2147483647;
			files = (
				C09A63D71AE92F6500B07062 /* jotajotaTests.swift in Sources */,
			);
			runOnlyForDeploymentPostprocessing = 0;
		};
/* End PBXSourcesBuildPhase section */

/* Begin PBXTargetDependency section */
		C09A63D21AE92F6500B07062 /* PBXTargetDependency */ = {
			isa = PBXTargetDependency;
			target = C09A63B61AE92F6500B07062 /* jotajota */;
			targetProxy = C09A63D11AE92F6500B07062 /* PBXContainerItemProxy */;
		};
/* End PBXTargetDependency section */

/* Begin PBXVariantGroup section */
		C09A63C41AE92F6500B07062 /* Main.storyboard */ = {
			isa = PBXVariantGroup;
			children = (
				C09A63C51AE92F6500B07062 /* Base */,
			);
			name = Main.storyboard;
			sourceTree = "<group>";
		};
		C09A63C91AE92F6500B07062 /* LaunchScreen.xib */ = {
			isa = PBXVariantGroup;
			children = (
				C09A63CA1AE92F6500B07062 /* Base */,
			);
			name = LaunchScreen.xib;
			sourceTree = "<group>";
		};
/* End PBXVariantGroup section */

/* Begin XCBuildConfiguration section */
		C09A63D81AE92F6500B07062 /* Debug */ = {
			isa = XCBuildConfiguration;
			buildSettings = {
				ALWAYS_SEARCH_USER_PATHS = NO;
				CLANG_CXX_LANGUAGE_STANDARD = "gnu++0x";
				CLANG_CXX_LIBRARY = "libc++";
				CLANG_ENABLE_MODULES = YES;
				CLANG_ENABLE_OBJC_ARC = YES;
				CLANG_WARN_BOOL_CONVERSION = YES;
				CLANG_WARN_CONSTANT_CONVERSION = YES;
				CLANG_WARN_DIRECT_OBJC_ISA_USAGE = YES_ERROR;
				CLANG_WARN_EMPTY_BODY = YES;
				CLANG_WARN_ENUM_CONVERSION = YES;
				CLANG_WARN_INT_CONVERSION = YES;
				CLANG_WARN_OBJC_ROOT_CLASS = YES_ERROR;
				CLANG_WARN_UNREACHABLE_CODE = YES;
				CLANG_WARN__DUPLICATE_METHOD_MATCH = YES;
				"CODE_SIGN_IDENTITY[sdk=iphoneos*]" = "iPhone Developer";
				COPY_PHASE_STRIP = NO;
				DEBUG_INFORMATION_FORMAT = "dwarf-with-dsym";
				ENABLE_STRICT_OBJC_MSGSEND = YES;
				GCC_C_LANGUAGE_STANDARD = gnu99;
				GCC_DYNAMIC_NO_PIC = NO;
				GCC_NO_COMMON_BLOCKS = YES;
				GCC_OPTIMIZATION_LEVEL = 0;
				GCC_PREPROCESSOR_DEFINITIONS = (
					"DEBUG=1",
					"$(inherited)",
				);
				GCC_SYMBOLS_PRIVATE_EXTERN = NO;
				GCC_WARN_64_TO_32_BIT_CONVERSION = YES;
				GCC_WARN_ABOUT_RETURN_TYPE = YES_ERROR;
				GCC_WARN_UNDECLARED_SELECTOR = YES;
				GCC_WARN_UNINITIALIZED_AUTOS = YES_AGGRESSIVE;
				GCC_WARN_UNUSED_FUNCTION = YES;
				GCC_WARN_UNUSED_VARIABLE = YES;
				IPHONEOS_DEPLOYMENT_TARGET = 8.3;
				MTL_ENABLE_DEBUG_INFO = YES;
				ONLY_ACTIVE_ARCH = YES;
				SDKROOT = iphoneos;
				SWIFT_OPTIMIZATION_LEVEL = "-Onone";
			};
			name = Debug;
		};
		C09A63D91AE92F6500B07062 /* Release */ = {
			isa = XCBuildConfiguration;
			buildSettings = {
				ALWAYS_SEARCH_USER_PATHS = NO;
				CLANG_CXX_LANGUAGE_STANDARD = "gnu++0x";
				CLANG_CXX_LIBRARY = "libc++";
				CLANG_ENABLE_MODULES = YES;
				CLANG_ENABLE_OBJC_ARC = YES;
				CLANG_WARN_BOOL_CONVERSION = YES;
				CLANG_WARN_CONSTANT_CONVERSION = YES;
				CLANG_WARN_DIRECT_OBJC_ISA_USAGE = YES_ERROR;
				CLANG_WARN_EMPTY_BODY = YES;
				CLANG_WARN_ENUM_CONVERSION = YES;
				CLANG_WARN_INT_CONVERSION = YES;
				CLANG_WARN_OBJC_ROOT_CLASS = YES_ERROR;
				CLANG_WARN_UNREACHABLE_CODE = YES;
				CLANG_WARN__DUPLICATE_METHOD_MATCH = YES;
				"CODE_SIGN_IDENTITY[sdk=iphoneos*]" = "iPhone Developer";
				COPY_PHASE_STRIP = NO;
				DEBUG_INFORMATION_FORMAT = "dwarf-with-dsym";
				ENABLE_NS_ASSERTIONS = NO;
				ENABLE_STRICT_OBJC_MSGSEND = YES;
				GCC_C_LANGUAGE_STANDARD = gnu99;
				GCC_NO_COMMON_BLOCKS = YES;
				GCC_WARN_64_TO_32_BIT_CONVERSION = YES;
				GCC_WARN_ABOUT_RETURN_TYPE = YES_ERROR;
				GCC_WARN_UNDECLARED_SELECTOR = YES;
				GCC_WARN_UNINITIALIZED_AUTOS = YES_AGGRESSIVE;
				GCC_WARN_UNUSED_FUNCTION = YES;
				GCC_WARN_UNUSED_VARIABLE = YES;
				IPHONEOS_DEPLOYMENT_TARGET = 8.3;
				MTL_ENABLE_DEBUG_INFO = NO;
				SDKROOT = iphoneos;
				VALIDATE_PRODUCT = YES;
			};
			name = Release;
		};
		C09A63DB1AE92F6500B07062 /* Debug */ = {
			isa = XCBuildConfiguration;
			buildSettings = {
				ASSETCATALOG_COMPILER_APPICON_NAME = AppIcon;
				INFOPLIST_FILE = jotajota/Info.plist;
				LD_RUNPATH_SEARCH_PATHS = "$(inherited) @executable_path/Frameworks";
				PRODUCT_NAME = "$(TARGET_NAME)";
			};
			name = Debug;
		};
		C09A63DC1AE92F6500B07062 /* Release */ = {
			isa = XCBuildConfiguration;
			buildSettings = {
				ASSETCATALOG_COMPILER_APPICON_NAME = AppIcon;
				INFOPLIST_FILE = jotajota/Info.plist;
				LD_RUNPATH_SEARCH_PATHS = "$(inherited) @executable_path/Frameworks";
				PRODUCT_NAME = "$(TARGET_NAME)";
			};
			name = Release;
		};
		C09A63DE1AE92F6500B07062 /* Debug */ = {
			isa = XCBuildConfiguration;
			buildSettings = {
				BUNDLE_LOADER = "$(TEST_HOST)";
				FRAMEWORK_SEARCH_PATHS = (
					"$(SDKROOT)/Developer/Library/Frameworks",
					"$(inherited)",
				);
				GCC_PREPROCESSOR_DEFINITIONS = (
					"DEBUG=1",
					"$(inherited)",
				);
				INFOPLIST_FILE = jotajotaTests/Info.plist;
				LD_RUNPATH_SEARCH_PATHS = "$(inherited) @executable_path/Frameworks @loader_path/Frameworks";
				PRODUCT_NAME = "$(TARGET_NAME)";
				TEST_HOST = "$(BUILT_PRODUCTS_DIR)/jotajota.app/jotajota";
			};
			name = Debug;
		};
		C09A63DF1AE92F6500B07062 /* Release */ = {
			isa = XCBuildConfiguration;
			buildSettings = {
				BUNDLE_LOADER = "$(TEST_HOST)";
				FRAMEWORK_SEARCH_PATHS = (
					"$(SDKROOT)/Developer/Library/Frameworks",
					"$(inherited)",
				);
				INFOPLIST_FILE = jotajotaTests/Info.plist;
				LD_RUNPATH_SEARCH_PATHS = "$(inherited) @executable_path/Frameworks @loader_path/Frameworks";
				PRODUCT_NAME = "$(TARGET_NAME)";
				TEST_HOST = "$(BUILT_PRODUCTS_DIR)/jotajota.app/jotajota";
			};
			name = Release;
		};
/* End XCBuildConfiguration section */

/* Begin XCConfigurationList section */
		C09A63B21AE92F6500B07062 /* Build configuration list for PBXProject "jotajota" */ = {
			isa = XCConfigurationList;
			buildConfigurations = (
				C09A63D81AE92F6500B07062 /* Debug */,
				C09A63D91AE92F6500B07062 /* Release */,
			);
			defaultConfigurationIsVisible = 0;
			defaultConfigurationName = Release;
		};
		C09A63DA1AE92F6500B07062 /* Build configuration list for PBXNativeTarget "jotajota" */ = {
			isa = XCConfigurationList;
			buildConfigurations = (
				C09A63DB1AE92F6500B07062 /* Debug */,
				C09A63DC1AE92F6500B07062 /* Release */,
			);
			defaultConfigurationIsVisible = 0;
		};
		C09A63DD1AE92F6500B07062 /* Build configuration list for PBXNativeTarget "jotajotaTests" */ = {
			isa = XCConfigurationList;
			buildConfigurations = (
				C09A63DE1AE92F6500B07062 /* Debug */,
				C09A63DF1AE92F6500B07062 /* Release */,
			);
			defaultConfigurationIsVisible = 0;
		};
/* End XCConfigurationList section */
	};
	rootObject = C09A63AF1AE92F6500B07062 /* Project object */;
}
